
Microsoft Visual Studio Solution File, Format Version 12.00
# Visual Studio Version 17
VisualStudioVersion = 17.10.34928.147
MinimumVisualStudioVersion = 10.0.40219.1
Project("{FAE04EC0-301F-11D3-BF4B-00C04F79EFBC}") = "LibraryTPSWebsite", "LibraryTPSWebsite\LibraryTPSWebsite.csproj", "{ECE510E4-0A1F-464A-8EDA-9CBFB6FC52DA}"
EndProject
Global
	GlobalSection(SolutionConfigurationPlatforms) = preSolution
		Debug|Any CPU = Debug|Any CPU
		Release|Any CPU = Release|Any CPU
	EndGlobalSection
	GlobalSection(ProjectConfigurationPlatforms) = postSolution
		{ECE510E4-0A1F-464A-8EDA-9CBFB6FC52DA}.Debug|Any CPU.ActiveCfg = Debug|Any CPU
		{ECE510E4-0A1F-464A-8EDA-9CBFB6FC52DA}.Debug|Any CPU.Build.0 = Debug|Any CPU
		{ECE510E4-0A1F-464A-8EDA-9CBFB6FC52DA}.Release|Any CPU.ActiveCfg = Release|Any CPU
		{ECE510E4-0A1F-464A-8EDA-9CBFB6FC52DA}.Release|Any CPU.Build.0 = Release|Any CPU
	EndGlobalSection
	GlobalSection(SolutionProperties) = preSolution
		HideSolutionNode = FALSE
	EndGlobalSection
	GlobalSection(ExtensibilityGlobals) = postSolution
		SolutionGuid = {189D925E-92D5-4C6F-95F3-F27A48801EB0}
	EndGlobalSection
EndGlobal
